<?xml version="1.0" encoding="utf-8"?>
<Project ToolsVersion="4.0" xmlns="http://schemas.microsoft.com/developer/msbuild/2003">
  <ItemGroup>
    <Filter Include="Library">
      <UniqueIdentifier>{6f4176c0-1b40-4968-8b87-d8d2ee5ccbce}</UniqueIdentifier>
    </Filter>
    <Filter Include="Kernel">
      <UniqueIdentifier>{26db24cf-0234-4986-b389-ca54bd608aec}</UniqueIdentifier>
    </Filter>
    <Filter Include="Header">
      <UniqueIdentifier>{93995380-89BD-4b04-88EB-625FBE52EBFB}</UniqueIdentifier>
      <Extensions>h;hh;hpp;hxx;hm;inl;inc;xsd</Extensions>
    </Filter>
    <Filter Include="Source">
      <UniqueIdentifier>{4FC737F1-C7A5-4376-A066-2A32D752A2FF}</UniqueIdentifier>
      <Extensions>cpp;c;cc;cxx;def;odl;idl;hpj;bat;asm;asmx</Extensions>
    </Filter>
    <Filter Include="Library\tiny_obj_loader">
      <UniqueIdentifier>{b085ba88-b53e-4825-90ae-02e8f3e3ee02}</UniqueIdentifier>
    </Filter>
    <Filter Include="Library\lodepng">
      <UniqueIdentifier>{86897923-294e-402b-a1e7-dfccb9555cf1}</UniqueIdentifier>
    </Filter>
    <Filter Include="Library\imgui">
      <UniqueIdentifier>{00216340-cfa8-4b4f-bf8d-905daaa6c3a8}</UniqueIdentifier>
    </Filter>
    <Filter Include="Library\json">
      <UniqueIdentifier>{88a4d66c-241d-46f4-9292-a8cf8631e5e0}</UniqueIdentifier>
    </Filter>
    <Filter Include="Library\json\detail">
      <UniqueIdentifier>{8e946c1e-91be-4e05-95da-39e6ada487d6}</UniqueIdentifier>
    </Filter>
    <Filter Include="Library\json\detail\conversions">
      <UniqueIdentifier>{406004a9-5991-444a-9d19-dc8a6f0784d7}</UniqueIdentifier>
    </Filter>
    <Filter Include="Library\json\detail\iterators">
      <UniqueIdentifier>{9919cb94-8400-4d8b-ac74-250c7a1c2012}</UniqueIdentifier>
    </Filter>
    <Filter Include="Library\json\detail\parsing">
      <UniqueIdentifier>{39be4316-9586-4011-92a8-93728c0d9b75}</UniqueIdentifier>
    </Filter>
    <Filter Include="Header\Bvh">
      <UniqueIdentifier>{ae5cc3da-144b-464b-bfdc-270ae9c46368}</UniqueIdentifier>
    </Filter>
    <Filter Include="Header\Math">
      <UniqueIdentifier>{c9cc1d9f-ae16-4612-9d04-6708f9b922b1}</UniqueIdentifier>
    </Filter>
    <Filter Include="Header\Core">
      <UniqueIdentifier>{fc3b2dbf-9571-4c93-9c31-42f7ff13ef13}</UniqueIdentifier>
    </Filter>
    <Filter Include="Header\Others">
      <UniqueIdentifier>{49430132-ba35-47af-99d0-c323fe84f63e}</UniqueIdentifier>
    </Filter>
    <Filter Include="Source\Bvh">
      <UniqueIdentifier>{eee87a57-2b7c-42f3-aa6a-34431da11e67}</UniqueIdentifier>
    </Filter>
    <Filter Include="Source\Main">
      <UniqueIdentifier>{2e44beb1-baf2-4075-ab08-048707afc2b4}</UniqueIdentifier>
    </Filter>
    <Filter Include="Source\Core">
      <UniqueIdentifier>{dfdb1ed5-587b-4e5e-a0bf-0dd72a5fae8b}</UniqueIdentifier>
    </Filter>
    <Filter Include="Library\free_image">
      <UniqueIdentifier>{dbb712c8-7294-4fc3-b772-73c50e6b307e}</UniqueIdentifier>
    </Filter>
    <Filter Include="Source\Others">
      <UniqueIdentifier>{061e654d-dc9a-4c37-99b2-ded2b68b2de9}</UniqueIdentifier>
    </Filter>
    <Filter Include="Library\glfw">
      <UniqueIdentifier>{eb2bfcd7-663f-4d9e-aaee-2ba6d024adc1}</UniqueIdentifier>
    </Filter>
    <Filter Include="Library\glew">
      <UniqueIdentifier>{48c54a80-729b-4811-aa33-26cf7e3138b7}</UniqueIdentifier>
    </Filter>
    <Filter Include="Library\glm">
      <UniqueIdentifier>{88bc0b6c-fdeb-4ed5-a217-44bdab36a0ba}</UniqueIdentifier>
    </Filter>
    <Filter Include="Library\glm\detail">
      <UniqueIdentifier>{7e8aeddc-d50d-4387-a5f1-229cd8d8b089}</UniqueIdentifier>
    </Filter>
    <Filter Include="Library\glm\ext">
      <UniqueIdentifier>{9ee973a4-9255-49a2-825e-9e823301afc2}</UniqueIdentifier>
    </Filter>
    <Filter Include="Library\glm\gtc">
      <UniqueIdentifier>{2f029e40-8132-470b-a6a8-0a62a7a14337}</UniqueIdentifier>
    </Filter>
    <Filter Include="Library\glm\gtx">
      <UniqueIdentifier>{87927639-12fb-4e8c-9182-71fb70944727}</UniqueIdentifier>
    </Filter>
    <Filter Include="Library\glm\simd">
      <UniqueIdentifier>{7951aff7-b066-4c17-ad3f-d3920dd21801}</UniqueIdentifier>
    </Filter>
  </ItemGroup>
  <ItemGroup>
    <ClCompile Include="lib\lodepng\lodepng.cpp">
      <Filter>Library\lodepng</Filter>
    </ClCompile>
    <ClCompile Include="lib\tiny_obj_loader\tiny_obj_loader.cc">
      <Filter>Library\tiny_obj_loader</Filter>
    </ClCompile>
    <ClCompile Include="lib\imgui\imgui.cpp">
      <Filter>Library\imgui</Filter>
    </ClCompile>
    <ClCompile Include="lib\imgui\imgui_demo.cpp">
      <Filter>Library\imgui</Filter>
    </ClCompile>
    <ClCompile Include="lib\imgui\imgui_draw.cpp">
      <Filter>Library\imgui</Filter>
    </ClCompile>
    <ClCompile Include="lib\imgui\imgui_impl_glfw_gl3.cpp">
      <Filter>Library\imgui</Filter>
    </ClCompile>
    <ClCompile Include="Bvh\bvh.cpp">
      <Filter>Source\Bvh</Filter>
    </ClCompile>
    <ClCompile Include="Core\triangle_mesh.cpp">
      <Filter>Source\Core</Filter>
    </ClCompile>
    <ClCompile Include="Core\scene_parser.cpp">
      <Filter>Source\Core</Filter>
    </ClCompile>
    <ClCompile Include="Core\path_tracer.cpp">
      <Filter>Source\Core</Filter>
    </ClCompile>
    <ClCompile Include="Core\material.cpp">
      <Filter>Source\Core</Filter>
    </ClCompile>
    <ClCompile Include="Core\image.cpp">
      <Filter>Source\Core</Filter>
    </ClCompile>
    <ClCompile Include="Core\cube_map_loader.cpp">
      <Filter>Source\Core</Filter>
    </ClCompile>
    <ClCompile Include="Core\config_parser.cpp">
      <Filter>Source\Core</Filter>
    </ClCompile>
    <ClCompile Include="Core\camera.cpp">
      <Filter>Source\Core</Filter>
    </ClCompile>
    <ClCompile Include="Main\window.cpp">
      <Filter>Source\Main</Filter>
    </ClCompile>
    <ClCompile Include="Others\image_loader.cpp">
      <Filter>Source\Others</Filter>
    </ClCompile>
    <ClCompile Include="lib\glm\detail\dummy.cpp">
      <Filter>Library\glm\detail</Filter>
    </ClCompile>
    <ClCompile Include="lib\glm\detail\glm.cpp">
      <Filter>Library\glm\detail</Filter>
    </ClCompile>
    <ClCompile Include="Others\device_status.cpp">
      <Filter>Source\Others</Filter>
    </ClCompile>
    <ClCompile Include="Bvh\bvh_build_config.cpp">
      <Filter>Source\Bvh</Filter>
    </ClCompile>
  </ItemGroup>
  <ItemGroup>
    <ClInclude Include="lib\lodepng\lodepng.h">
      <Filter>Library\lodepng</Filter>
    </ClInclude>
    <ClInclude Include="lib\tiny_obj_loader\tiny_obj_loader.h">
      <Filter>Library\tiny_obj_loader</Filter>
    </ClInclude>
    <ClInclude Include="lib\imgui\imconfig.h">
      <Filter>Library\imgui</Filter>
    </ClInclude>
    <ClInclude Include="lib\imgui\imgui.h">
      <Filter>Library\imgui</Filter>
    </ClInclude>
    <ClInclude Include="lib\imgui\imgui_internal.h">
      <Filter>Library\imgui</Filter>
    </ClInclude>
    <ClInclude Include="lib\imgui\stb_rect_pack.h">
      <Filter>Library\imgui</Filter>
    </ClInclude>
    <ClInclude Include="lib\imgui\stb_textedit.h">
      <Filter>Library\imgui</Filter>
    </ClInclude>
    <ClInclude Include="lib\imgui\stb_truetype.h">
      <Filter>Library\imgui</Filter>
    </ClInclude>
    <ClInclude Include="lib\imgui\imgui_impl_glfw_gl3.h">
      <Filter>Library\imgui</Filter>
    </ClInclude>
    <ClInclude Include="lib\json\adl_serializer.hpp">
      <Filter>Library\json</Filter>
    </ClInclude>
    <ClInclude Include="lib\json\json.hpp">
      <Filter>Library\json</Filter>
    </ClInclude>
    <ClInclude Include="lib\json\json_fwd.hpp">
      <Filter>Library\json</Filter>
    </ClInclude>
    <ClInclude Include="lib\json\detail\exceptions.hpp">
      <Filter>Library\json\detail</Filter>
    </ClInclude>
    <ClInclude Include="lib\json\detail\json_ref.hpp">
      <Filter>Library\json\detail</Filter>
    </ClInclude>
    <ClInclude Include="lib\json\detail\macro_scope.hpp">
      <Filter>Library\json\detail</Filter>
    </ClInclude>
    <ClInclude Include="lib\json\detail\macro_unscope.hpp">
      <Filter>Library\json\detail</Filter>
    </ClInclude>
    <ClInclude Include="lib\json\detail\meta.hpp">
      <Filter>Library\json\detail</Filter>
    </ClInclude>
    <ClInclude Include="lib\json\detail\serializer.hpp">
      <Filter>Library\json\detail</Filter>
    </ClInclude>
    <ClInclude Include="lib\json\detail\value_t.hpp">
      <Filter>Library\json\detail</Filter>
    </ClInclude>
    <ClInclude Include="lib\json\detail\conversions\from_json.hpp">
      <Filter>Library\json\detail\conversions</Filter>
    </ClInclude>
    <ClInclude Include="lib\json\detail\conversions\to_json.hpp">
      <Filter>Library\json\detail\conversions</Filter>
    </ClInclude>
    <ClInclude Include="lib\json\detail\iterators\internal_iterator.hpp">
      <Filter>Library\json\detail\iterators</Filter>
    </ClInclude>
    <ClInclude Include="lib\json\detail\iterators\iter_impl.hpp">
      <Filter>Library\json\detail\iterators</Filter>
    </ClInclude>
    <ClInclude Include="lib\json\detail\iterators\iteration_proxy.hpp">
      <Filter>Library\json\detail\iterators</Filter>
    </ClInclude>
    <ClInclude Include="lib\json\detail\iterators\json_reverse_iterator.hpp">
      <Filter>Library\json\detail\iterators</Filter>
    </ClInclude>
    <ClInclude Include="lib\json\detail\iterators\primitive_iterator.hpp">
      <Filter>Library\json\detail\iterators</Filter>
    </ClInclude>
    <ClInclude Include="lib\json\detail\parsing\binary_reader.hpp">
      <Filter>Library\json\detail\parsing</Filter>
    </ClInclude>
    <ClInclude Include="lib\json\detail\parsing\binary_writer.hpp">
      <Filter>Library\json\detail\parsing</Filter>
    </ClInclude>
    <ClInclude Include="lib\json\detail\parsing\input_adapters.hpp">
      <Filter>Library\json\detail\parsing</Filter>
    </ClInclude>
    <ClInclude Include="lib\json\detail\parsing\lexer.hpp">
      <Filter>Library\json\detail\parsing</Filter>
    </ClInclude>
    <ClInclude Include="lib\json\detail\parsing\output_adapters.hpp">
      <Filter>Library\json\detail\parsing</Filter>
    </ClInclude>
    <ClInclude Include="lib\json\detail\parsing\parser.hpp">
      <Filter>Library\json\detail\parsing</Filter>
    </ClInclude>
    <ClInclude Include="Core\camera.h">
      <Filter>Header\Core</Filter>
    </ClInclude>
    <ClInclude Include="Core\config_parser.h">
      <Filter>Header\Core</Filter>
    </ClInclude>
    <ClInclude Include="Core\configuration.h">
      <Filter>Header\Core</Filter>
    </ClInclude>
    <ClInclude Include="Core\cube_map.h">
      <Filter>Header\Core</Filter>
    </ClInclude>
    <ClInclude Include="Core\cube_map_loader.h">
      <Filter>Header\Core</Filter>
    </ClInclude>
    <ClInclude Include="Core\fresnel.h">
      <Filter>Header\Core</Filter>
    </ClInclude>
    <ClInclude Include="Core\image.h">
      <Filter>Header\Core</Filter>
    </ClInclude>
    <ClInclude Include="Core\material.h">
      <Filter>Header\Core</Filter>
    </ClInclude>
    <ClInclude Include="Core\path_tracer.h">
      <Filter>Header\Core</Filter>
    </ClInclude>
    <ClInclude Include="Core\path_tracer_kernel.h">
      <Filter>Header\Core</Filter>
    </ClInclude>
    <ClInclude Include="Core\ray.h">
      <Filter>Header\Core</Filter>
    </ClInclude>
    <ClInclude Include="Core\scene_parser.h">
      <Filter>Header\Core</Filter>
    </ClInclude>
    <ClInclude Include="Core\sphere.h">
      <Filter>Header\Core</Filter>
    </ClInclude>
    <ClInclude Include="Core\triangle.h">
      <Filter>Header\Core</Filter>
    </ClInclude>
    <ClInclude Include="Core\triangle_mesh.h">
      <Filter>Header\Core</Filter>
    </ClInclude>
    <ClInclude Include="Others\utilities.hpp">
      <Filter>Header\Others</Filter>
    </ClInclude>
    <ClInclude Include="Math\basic_math.hpp">
      <Filter>Header\Math</Filter>
    </ClInclude>
    <ClInclude Include="Math\cuda_math.hpp">
      <Filter>Header\Math</Filter>
    </ClInclude>
    <ClInclude Include="Bvh\bvh.h">
      <Filter>Header\Bvh</Filter>
    </ClInclude>
    <ClInclude Include="Bvh\bvh_morton_code_kernel.h">
      <Filter>Header\Bvh</Filter>
    </ClInclude>
    <ClInclude Include="Bvh\bvh_node.h">
      <Filter>Header\Bvh</Filter>
    </ClInclude>
    <ClInclude Include="Bvh\bounding_box.h">
      <Filter>Header\Bvh</Filter>
    </ClInclude>
    <ClInclude Include="Core\texture.h">
      <Filter>Header\Core</Filter>
    </ClInclude>
    <ClInclude Include="Others\image_loader.h">
      <Filter>Header\Others</Filter>
    </ClInclude>
    <ClInclude Include="lib\glfw\glfw3.h">
      <Filter>Library\glfw</Filter>
    </ClInclude>
    <ClInclude Include="lib\glfw\glfw3native.h">
      <Filter>Library\glfw</Filter>
    </ClInclude>
    <ClInclude Include="lib\glew\eglew.h">
      <Filter>Library\glew</Filter>
    </ClInclude>
    <ClInclude Include="lib\glew\glew.h">
      <Filter>Library\glew</Filter>
    </ClInclude>
    <ClInclude Include="lib\glew\glxew.h">
      <Filter>Library\glew</Filter>
    </ClInclude>
    <ClInclude Include="lib\glew\wglew.h">
      <Filter>Library\glew</Filter>
    </ClInclude>
    <ClInclude Include="lib\free_image\FreeImage.h">
      <Filter>Library\free_image</Filter>
    </ClInclude>
    <ClInclude Include="lib\glm\common.hpp">
      <Filter>Library\glm</Filter>
    </ClInclude>
    <ClInclude Include="lib\glm\exponential.hpp">
      <Filter>Library\glm</Filter>
    </ClInclude>
    <ClInclude Include="lib\glm\ext.hpp">
      <Filter>Library\glm</Filter>
    </ClInclude>
    <ClInclude Include="lib\glm\fwd.hpp">
      <Filter>Library\glm</Filter>
    </ClInclude>
    <ClInclude Include="lib\glm\geometric.hpp">
      <Filter>Library\glm</Filter>
    </ClInclude>
    <ClInclude Include="lib\glm\glm.hpp">
      <Filter>Library\glm</Filter>
    </ClInclude>
    <ClInclude Include="lib\glm\integer.hpp">
      <Filter>Library\glm</Filter>
    </ClInclude>
    <ClInclude Include="lib\glm\mat2x2.hpp">
      <Filter>Library\glm</Filter>
    </ClInclude>
    <ClInclude Include="lib\glm\mat2x3.hpp">
      <Filter>Library\glm</Filter>
    </ClInclude>
    <ClInclude Include="lib\glm\mat2x4.hpp">
      <Filter>Library\glm</Filter>
    </ClInclude>
    <ClInclude Include="lib\glm\mat3x2.hpp">
      <Filter>Library\glm</Filter>
    </ClInclude>
    <ClInclude Include="lib\glm\mat3x3.hpp">
      <Filter>Library\glm</Filter>
    </ClInclude>
    <ClInclude Include="lib\glm\mat3x4.hpp">
      <Filter>Library\glm</Filter>
    </ClInclude>
    <ClInclude Include="lib\glm\mat4x2.hpp">
      <Filter>Library\glm</Filter>
    </ClInclude>
    <ClInclude Include="lib\glm\mat4x3.hpp">
      <Filter>Library\glm</Filter>
    </ClInclude>
    <ClInclude Include="lib\glm\mat4x4.hpp">
      <Filter>Library\glm</Filter>
    </ClInclude>
    <ClInclude Include="lib\glm\matrix.hpp">
      <Filter>Library\glm</Filter>
    </ClInclude>
    <ClInclude Include="lib\glm\packing.hpp">
      <Filter>Library\glm</Filter>
    </ClInclude>
    <ClInclude Include="lib\glm\trigonometric.hpp">
      <Filter>Library\glm</Filter>
    </ClInclude>
    <ClInclude Include="lib\glm\vec2.hpp">
      <Filter>Library\glm</Filter>
    </ClInclude>
    <ClInclude Include="lib\glm\vec3.hpp">
      <Filter>Library\glm</Filter>
    </ClInclude>
    <ClInclude Include="lib\glm\vec4.hpp">
      <Filter>Library\glm</Filter>
    </ClInclude>
    <ClInclude Include="lib\glm\vector_relational.hpp">
      <Filter>Library\glm</Filter>
    </ClInclude>
    <ClInclude Include="lib\glm\detail\_features.hpp">
      <Filter>Library\glm\detail</Filter>
    </ClInclude>
    <ClInclude Include="lib\glm\detail\_fixes.hpp">
      <Filter>Library\glm\detail</Filter>
    </ClInclude>
    <ClInclude Include="lib\glm\detail\_noise.hpp">
      <Filter>Library\glm\detail</Filter>
    </ClInclude>
    <ClInclude Include="lib\glm\detail\_swizzle.hpp">
      <Filter>Library\glm\detail</Filter>
    </ClInclude>
    <ClInclude Include="lib\glm\detail\_swizzle_func.hpp">
      <Filter>Library\glm\detail</Filter>
    </ClInclude>
    <ClInclude Include="lib\glm\detail\_vectorize.hpp">
      <Filter>Library\glm\detail</Filter>
    </ClInclude>
    <ClInclude Include="lib\glm\detail\compute_vector_relational.hpp">
      <Filter>Library\glm\detail</Filter>
    </ClInclude>
    <ClInclude Include="lib\glm\detail\qualifier.hpp">
      <Filter>Library\glm\detail</Filter>
    </ClInclude>
    <ClInclude Include="lib\glm\detail\setup.hpp">
      <Filter>Library\glm\detail</Filter>
    </ClInclude>
    <ClInclude Include="lib\glm\detail\type_float.hpp">
      <Filter>Library\glm\detail</Filter>
    </ClInclude>
    <ClInclude Include="lib\glm\detail\type_gentype.hpp">
      <Filter>Library\glm\detail</Filter>
    </ClInclude>
    <ClInclude Include="lib\glm\detail\type_half.hpp">
      <Filter>Library\glm\detail</Filter>
    </ClInclude>
    <ClInclude Include="lib\glm\detail\type_int.hpp">
      <Filter>Library\glm\detail</Filter>
    </ClInclude>
    <ClInclude Include="lib\glm\detail\type_mat.hpp">
      <Filter>Library\glm\detail</Filter>
    </ClInclude>
    <ClInclude Include="lib\glm\detail\type_mat2x2.hpp">
      <Filter>Library\glm\detail</Filter>
    </ClInclude>
    <ClInclude Include="lib\glm\detail\type_mat2x3.hpp">
      <Filter>Library\glm\detail</Filter>
    </ClInclude>
    <ClInclude Include="lib\glm\detail\type_mat2x4.hpp">
      <Filter>Library\glm\detail</Filter>
    </ClInclude>
    <ClInclude Include="lib\glm\detail\type_mat3x2.hpp">
      <Filter>Library\glm\detail</Filter>
    </ClInclude>
    <ClInclude Include="lib\glm\detail\type_mat3x3.hpp">
      <Filter>Library\glm\detail</Filter>
    </ClInclude>
    <ClInclude Include="lib\glm\detail\type_mat3x4.hpp">
      <Filter>Library\glm\detail</Filter>
    </ClInclude>
    <ClInclude Include="lib\glm\detail\type_mat4x2.hpp">
      <Filter>Library\glm\detail</Filter>
    </ClInclude>
    <ClInclude Include="lib\glm\detail\type_mat4x3.hpp">
      <Filter>Library\glm\detail</Filter>
    </ClInclude>
    <ClInclude Include="lib\glm\detail\type_mat4x4.hpp">
      <Filter>Library\glm\detail</Filter>
    </ClInclude>
    <ClInclude Include="lib\glm\detail\type_vec.hpp">
      <Filter>Library\glm\detail</Filter>
    </ClInclude>
    <ClInclude Include="lib\glm\detail\type_vec1.hpp">
      <Filter>Library\glm\detail</Filter>
    </ClInclude>
    <ClInclude Include="lib\glm\detail\type_vec2.hpp">
      <Filter>Library\glm\detail</Filter>
    </ClInclude>
    <ClInclude Include="lib\glm\detail\type_vec3.hpp">
      <Filter>Library\glm\detail</Filter>
    </ClInclude>
    <ClInclude Include="lib\glm\detail\type_vec4.hpp">
      <Filter>Library\glm\detail</Filter>
    </ClInclude>
    <ClInclude Include="lib\glm\ext\vec1.hpp">
      <Filter>Library\glm\ext</Filter>
    </ClInclude>
    <ClInclude Include="lib\glm\ext\vector_relational.hpp">
      <Filter>Library\glm\ext</Filter>
    </ClInclude>
    <ClInclude Include="lib\glm\gtc\bitfield.hpp">
      <Filter>Library\glm\gtc</Filter>
    </ClInclude>
    <ClInclude Include="lib\glm\gtc\color_space.hpp">
      <Filter>Library\glm\gtc</Filter>
    </ClInclude>
    <ClInclude Include="lib\glm\gtc\constants.hpp">
      <Filter>Library\glm\gtc</Filter>
    </ClInclude>
    <ClInclude Include="lib\glm\gtc\epsilon.hpp">
      <Filter>Library\glm\gtc</Filter>
    </ClInclude>
    <ClInclude Include="lib\glm\gtc\integer.hpp">
      <Filter>Library\glm\gtc</Filter>
    </ClInclude>
    <ClInclude Include="lib\glm\gtc\matrix_access.hpp">
      <Filter>Library\glm\gtc</Filter>
    </ClInclude>
    <ClInclude Include="lib\glm\gtc\matrix_integer.hpp">
      <Filter>Library\glm\gtc</Filter>
    </ClInclude>
    <ClInclude Include="lib\glm\gtc\matrix_inverse.hpp">
      <Filter>Library\glm\gtc</Filter>
    </ClInclude>
    <ClInclude Include="lib\glm\gtc\matrix_transform.hpp">
      <Filter>Library\glm\gtc</Filter>
    </ClInclude>
    <ClInclude Include="lib\glm\gtc\noise.hpp">
      <Filter>Library\glm\gtc</Filter>
    </ClInclude>
    <ClInclude Include="lib\glm\gtc\packing.hpp">
      <Filter>Library\glm\gtc</Filter>
    </ClInclude>
    <ClInclude Include="lib\glm\gtc\quaternion.hpp">
      <Filter>Library\glm\gtc</Filter>
    </ClInclude>
    <ClInclude Include="lib\glm\gtc\random.hpp">
      <Filter>Library\glm\gtc</Filter>
    </ClInclude>
    <ClInclude Include="lib\glm\gtc\reciprocal.hpp">
      <Filter>Library\glm\gtc</Filter>
    </ClInclude>
    <ClInclude Include="lib\glm\gtc\round.hpp">
      <Filter>Library\glm\gtc</Filter>
    </ClInclude>
    <ClInclude Include="lib\glm\gtc\type_aligned.hpp">
      <Filter>Library\glm\gtc</Filter>
    </ClInclude>
    <ClInclude Include="lib\glm\gtc\type_precision.hpp">
      <Filter>Library\glm\gtc</Filter>
    </ClInclude>
    <ClInclude Include="lib\glm\gtc\type_ptr.hpp">
      <Filter>Library\glm\gtc</Filter>
    </ClInclude>
    <ClInclude Include="lib\glm\gtc\ulp.hpp">
      <Filter>Library\glm\gtc</Filter>
    </ClInclude>
    <ClInclude Include="lib\glm\gtc\vec1.hpp">
      <Filter>Library\glm\gtc</Filter>
    </ClInclude>
    <ClInclude Include="lib\glm\gtx\associated_min_max.hpp">
      <Filter>Library\glm\gtx</Filter>
    </ClInclude>
    <ClInclude Include="lib\glm\gtx\bit.hpp">
      <Filter>Library\glm\gtx</Filter>
    </ClInclude>
    <ClInclude Include="lib\glm\gtx\closest_point.hpp">
      <Filter>Library\glm\gtx</Filter>
    </ClInclude>
    <ClInclude Include="lib\glm\gtx\color_encoding.hpp">
      <Filter>Library\glm\gtx</Filter>
    </ClInclude>
    <ClInclude Include="lib\glm\gtx\color_space.hpp">
      <Filter>Library\glm\gtx</Filter>
    </ClInclude>
    <ClInclude Include="lib\glm\gtx\color_space_YCoCg.hpp">
      <Filter>Library\glm\gtx</Filter>
    </ClInclude>
    <ClInclude Include="lib\glm\gtx\common.hpp">
      <Filter>Library\glm\gtx</Filter>
    </ClInclude>
    <ClInclude Include="lib\glm\gtx\compatibility.hpp">
      <Filter>Library\glm\gtx</Filter>
    </ClInclude>
    <ClInclude Include="lib\glm\gtx\component_wise.hpp">
      <Filter>Library\glm\gtx</Filter>
    </ClInclude>
    <ClInclude Include="lib\glm\gtx\dual_quaternion.hpp">
      <Filter>Library\glm\gtx</Filter>
    </ClInclude>
    <ClInclude Include="lib\glm\gtx\euler_angles.hpp">
      <Filter>Library\glm\gtx</Filter>
    </ClInclude>
    <ClInclude Include="lib\glm\gtx\extend.hpp">
      <Filter>Library\glm\gtx</Filter>
    </ClInclude>
    <ClInclude Include="lib\glm\gtx\extended_min_max.hpp">
      <Filter>Library\glm\gtx</Filter>
    </ClInclude>
    <ClInclude Include="lib\glm\gtx\exterior_product.hpp">
      <Filter>Library\glm\gtx</Filter>
    </ClInclude>
    <ClInclude Include="lib\glm\gtx\fast_exponential.hpp">
      <Filter>Library\glm\gtx</Filter>
    </ClInclude>
    <ClInclude Include="lib\glm\gtx\fast_square_root.hpp">
      <Filter>Library\glm\gtx</Filter>
    </ClInclude>
    <ClInclude Include="lib\glm\gtx\fast_trigonometry.hpp">
      <Filter>Library\glm\gtx</Filter>
    </ClInclude>
    <ClInclude Include="lib\glm\gtx\functions.hpp">
      <Filter>Library\glm\gtx</Filter>
    </ClInclude>
    <ClInclude Include="lib\glm\gtx\gradient_paint.hpp">
      <Filter>Library\glm\gtx</Filter>
    </ClInclude>
    <ClInclude Include="lib\glm\gtx\handed_coordinate_space.hpp">
      <Filter>Library\glm\gtx</Filter>
    </ClInclude>
    <ClInclude Include="lib\glm\gtx\hash.hpp">
      <Filter>Library\glm\gtx</Filter>
    </ClInclude>
    <ClInclude Include="lib\glm\gtx\integer.hpp">
      <Filter>Library\glm\gtx</Filter>
    </ClInclude>
    <ClInclude Include="lib\glm\gtx\intersect.hpp">
      <Filter>Library\glm\gtx</Filter>
    </ClInclude>
    <ClInclude Include="lib\glm\gtx\io.hpp">
      <Filter>Library\glm\gtx</Filter>
    </ClInclude>
    <ClInclude Include="lib\glm\gtx\log_base.hpp">
      <Filter>Library\glm\gtx</Filter>
    </ClInclude>
    <ClInclude Include="lib\glm\gtx\matrix_cross_product.hpp">
      <Filter>Library\glm\gtx</Filter>
    </ClInclude>
    <ClInclude Include="lib\glm\gtx\matrix_decompose.hpp">
      <Filter>Library\glm\gtx</Filter>
    </ClInclude>
    <ClInclude Include="lib\glm\gtx\matrix_factorisation.hpp">
      <Filter>Library\glm\gtx</Filter>
    </ClInclude>
    <ClInclude Include="lib\glm\gtx\matrix_interpolation.hpp">
      <Filter>Library\glm\gtx</Filter>
    </ClInclude>
    <ClInclude Include="lib\glm\gtx\matrix_major_storage.hpp">
      <Filter>Library\glm\gtx</Filter>
    </ClInclude>
    <ClInclude Include="lib\glm\gtx\matrix_operation.hpp">
      <Filter>Library\glm\gtx</Filter>
    </ClInclude>
    <ClInclude Include="lib\glm\gtx\matrix_query.hpp">
      <Filter>Library\glm\gtx</Filter>
    </ClInclude>
    <ClInclude Include="lib\glm\gtx\matrix_transform_2d.hpp">
      <Filter>Library\glm\gtx</Filter>
    </ClInclude>
    <ClInclude Include="lib\glm\gtx\mixed_product.hpp">
      <Filter>Library\glm\gtx</Filter>
    </ClInclude>
    <ClInclude Include="lib\glm\gtx\norm.hpp">
      <Filter>Library\glm\gtx</Filter>
    </ClInclude>
    <ClInclude Include="lib\glm\gtx\normal.hpp">
      <Filter>Library\glm\gtx</Filter>
    </ClInclude>
    <ClInclude Include="lib\glm\gtx\normalize_dot.hpp">
      <Filter>Library\glm\gtx</Filter>
    </ClInclude>
    <ClInclude Include="lib\glm\gtx\number_precision.hpp">
      <Filter>Library\glm\gtx</Filter>
    </ClInclude>
    <ClInclude Include="lib\glm\gtx\optimum_pow.hpp">
      <Filter>Library\glm\gtx</Filter>
    </ClInclude>
    <ClInclude Include="lib\glm\gtx\orthonormalize.hpp">
      <Filter>Library\glm\gtx</Filter>
    </ClInclude>
    <ClInclude Include="lib\glm\gtx\perpendicular.hpp">
      <Filter>Library\glm\gtx</Filter>
    </ClInclude>
    <ClInclude Include="lib\glm\gtx\polar_coordinates.hpp">
      <Filter>Library\glm\gtx</Filter>
    </ClInclude>
    <ClInclude Include="lib\glm\gtx\projection.hpp">
      <Filter>Library\glm\gtx</Filter>
    </ClInclude>
    <ClInclude Include="lib\glm\gtx\quaternion.hpp">
      <Filter>Library\glm\gtx</Filter>
    </ClInclude>
    <ClInclude Include="lib\glm\gtx\range.hpp">
      <Filter>Library\glm\gtx</Filter>
    </ClInclude>
    <ClInclude Include="lib\glm\gtx\raw_data.hpp">
      <Filter>Library\glm\gtx</Filter>
    </ClInclude>
    <ClInclude Include="lib\glm\gtx\rotate_normalized_axis.hpp">
      <Filter>Library\glm\gtx</Filter>
    </ClInclude>
    <ClInclude Include="lib\glm\gtx\rotate_vector.hpp">
      <Filter>Library\glm\gtx</Filter>
    </ClInclude>
    <ClInclude Include="lib\glm\gtx\scalar_multiplication.hpp">
      <Filter>Library\glm\gtx</Filter>
    </ClInclude>
    <ClInclude Include="lib\glm\gtx\scalar_relational.hpp">
      <Filter>Library\glm\gtx</Filter>
    </ClInclude>
    <ClInclude Include="lib\glm\gtx\spline.hpp">
      <Filter>Library\glm\gtx</Filter>
    </ClInclude>
    <ClInclude Include="lib\glm\gtx\std_based_type.hpp">
      <Filter>Library\glm\gtx</Filter>
    </ClInclude>
    <ClInclude Include="lib\glm\gtx\string_cast.hpp">
      <Filter>Library\glm\gtx</Filter>
    </ClInclude>
    <ClInclude Include="lib\glm\gtx\texture.hpp">
      <Filter>Library\glm\gtx</Filter>
    </ClInclude>
    <ClInclude Include="lib\glm\gtx\transform.hpp">
      <Filter>Library\glm\gtx</Filter>
    </ClInclude>
    <ClInclude Include="lib\glm\gtx\transform2.hpp">
      <Filter>Library\glm\gtx</Filter>
    </ClInclude>
    <ClInclude Include="lib\glm\gtx\type_aligned.hpp">
      <Filter>Library\glm\gtx</Filter>
    </ClInclude>
    <ClInclude Include="lib\glm\gtx\type_trait.hpp">
      <Filter>Library\glm\gtx</Filter>
    </ClInclude>
    <ClInclude Include="lib\glm\gtx\vec_swizzle.hpp">
      <Filter>Library\glm\gtx</Filter>
    </ClInclude>
    <ClInclude Include="lib\glm\gtx\vector_angle.hpp">
      <Filter>Library\glm\gtx</Filter>
    </ClInclude>
    <ClInclude Include="lib\glm\gtx\vector_query.hpp">
      <Filter>Library\glm\gtx</Filter>
    </ClInclude>
    <ClInclude Include="lib\glm\gtx\wrap.hpp">
      <Filter>Library\glm\gtx</Filter>
    </ClInclude>
    <ClInclude Include="lib\glm\simd\common.h">
      <Filter>Library\glm\simd</Filter>
    </ClInclude>
    <ClInclude Include="lib\glm\simd\exponential.h">
      <Filter>Library\glm\simd</Filter>
    </ClInclude>
    <ClInclude Include="lib\glm\simd\geometric.h">
      <Filter>Library\glm\simd</Filter>
    </ClInclude>
    <ClInclude Include="lib\glm\simd\integer.h">
      <Filter>Library\glm\simd</Filter>
    </ClInclude>
    <ClInclude Include="lib\glm\simd\matrix.h">
      <Filter>Library\glm\simd</Filter>
    </ClInclude>
    <ClInclude Include="lib\glm\simd\packing.h">
      <Filter>Library\glm\simd</Filter>
    </ClInclude>
    <ClInclude Include="lib\glm\simd\platform.h">
      <Filter>Library\glm\simd</Filter>
    </ClInclude>
    <ClInclude Include="lib\glm\simd\trigonometric.h">
      <Filter>Library\glm\simd</Filter>
    </ClInclude>
    <ClInclude Include="lib\glm\simd\vector_relational.h">
      <Filter>Library\glm\simd</Filter>
    </ClInclude>
    <ClInclude Include="Others\device_status.h">
      <Filter>Header\Others</Filter>
    </ClInclude>
    <ClInclude Include="Bvh\bvh_build_config.h">
      <Filter>Header\Bvh</Filter>
    </ClInclude>
    <ClInclude Include="Core\parallel_function.h">
      <Filter>Header\Core</Filter>
    </ClInclude>
  </ItemGroup>
  <ItemGroup>
    <CudaCompile Include="Kernel\bvh_morton_code_kernel.cu">
      <Filter>Kernel</Filter>
    </CudaCompile>
    <CudaCompile Include="Kernel\path_tracer_kernel.cu">
      <Filter>Kernel</Filter>
    </CudaCompile>
    <CudaCompile Include="Kernel\parallel_function.cu">
      <Filter>Kernel</Filter>
    </CudaCompile>
  </ItemGroup>
  <ItemGroup>
    <None Include="lib\glm\detail\func_common.inl">
      <Filter>Library\glm\detail</Filter>
    </None>
    <None Include="lib\glm\detail\func_common_simd.inl">
      <Filter>Library\glm\detail</Filter>
    </None>
    <None Include="lib\glm\detail\func_exponential.inl">
      <Filter>Library\glm\detail</Filter>
    </None>
    <None Include="lib\glm\detail\func_exponential_simd.inl">
      <Filter>Library\glm\detail</Filter>
    </None>
    <None Include="lib\glm\detail\func_geometric.inl">
      <Filter>Library\glm\detail</Filter>
    </None>
    <None Include="lib\glm\detail\func_geometric_simd.inl">
      <Filter>Library\glm\detail</Filter>
    </None>
    <None Include="lib\glm\detail\func_integer.inl">
      <Filter>Library\glm\detail</Filter>
    </None>
    <None Include="lib\glm\detail\func_integer_simd.inl">
      <Filter>Library\glm\detail</Filter>
    </None>
    <None Include="lib\glm\detail\func_matrix.inl">
      <Filter>Library\glm\detail</Filter>
    </None>
    <None Include="lib\glm\detail\func_matrix_simd.inl">
      <Filter>Library\glm\detail</Filter>
    </None>
    <None Include="lib\glm\detail\func_packing.inl">
      <Filter>Library\glm\detail</Filter>
    </None>
    <None Include="lib\glm\detail\func_packing_simd.inl">
      <Filter>Library\glm\detail</Filter>
    </None>
    <None Include="lib\glm\detail\func_trigonometric.inl">
      <Filter>Library\glm\detail</Filter>
    </None>
    <None Include="lib\glm\detail\func_trigonometric_simd.inl">
      <Filter>Library\glm\detail</Filter>
    </None>
    <None Include="lib\glm\detail\func_vector_relational.inl">
      <Filter>Library\glm\detail</Filter>
    </None>
    <None Include="lib\glm\detail\func_vector_relational_simd.inl">
      <Filter>Library\glm\detail</Filter>
    </None>
    <None Include="lib\glm\detail\type_gentype.inl">
      <Filter>Library\glm\detail</Filter>
    </None>
    <None Include="lib\glm\detail\type_half.inl">
      <Filter>Library\glm\detail</Filter>
    </None>
    <None Include="lib\glm\detail\type_mat.inl">
      <Filter>Library\glm\detail</Filter>
    </None>
    <None Include="lib\glm\detail\type_mat2x2.inl">
      <Filter>Library\glm\detail</Filter>
    </None>
    <None Include="lib\glm\detail\type_mat2x3.inl">
      <Filter>Library\glm\detail</Filter>
    </None>
    <None Include="lib\glm\detail\type_mat2x4.inl">
      <Filter>Library\glm\detail</Filter>
    </None>
    <None Include="lib\glm\detail\type_mat3x2.inl">
      <Filter>Library\glm\detail</Filter>
    </None>
    <None Include="lib\glm\detail\type_mat3x3.inl">
      <Filter>Library\glm\detail</Filter>
    </None>
    <None Include="lib\glm\detail\type_mat3x4.inl">
      <Filter>Library\glm\detail</Filter>
    </None>
    <None Include="lib\glm\detail\type_mat4x2.inl">
      <Filter>Library\glm\detail</Filter>
    </None>
    <None Include="lib\glm\detail\type_mat4x3.inl">
      <Filter>Library\glm\detail</Filter>
    </None>
    <None Include="lib\glm\detail\type_mat4x4.inl">
      <Filter>Library\glm\detail</Filter>
    </None>
    <None Include="lib\glm\detail\type_mat4x4_simd.inl">
      <Filter>Library\glm\detail</Filter>
    </None>
    <None Include="lib\glm\detail\type_vec.inl">
      <Filter>Library\glm\detail</Filter>
    </None>
    <None Include="lib\glm\detail\type_vec1.inl">
      <Filter>Library\glm\detail</Filter>
    </None>
    <None Include="lib\glm\detail\type_vec2.inl">
      <Filter>Library\glm\detail</Filter>
    </None>
    <None Include="lib\glm\detail\type_vec3.inl">
      <Filter>Library\glm\detail</Filter>
    </None>
    <None Include="lib\glm\detail\type_vec4.inl">
      <Filter>Library\glm\detail</Filter>
    </None>
    <None Include="lib\glm\detail\type_vec4_simd.inl">
      <Filter>Library\glm\detail</Filter>
    </None>
    <None Include="lib\glm\ext\vec1.inl">
      <Filter>Library\glm\ext</Filter>
    </None>
    <None Include="lib\glm\ext\vector_relational.inl">
      <Filter>Library\glm\ext</Filter>
    </None>
    <None Include="lib\glm\gtc\bitfield.inl">
      <Filter>Library\glm\gtc</Filter>
    </None>
    <None Include="lib\glm\gtc\color_space.inl">
      <Filter>Library\glm\gtc</Filter>
    </None>
    <None Include="lib\glm\gtc\constants.inl">
      <Filter>Library\glm\gtc</Filter>
    </None>
    <None Include="lib\glm\gtc\epsilon.inl">
      <Filter>Library\glm\gtc</Filter>
    </None>
    <None Include="lib\glm\gtc\integer.inl">
      <Filter>Library\glm\gtc</Filter>
    </None>
    <None Include="lib\glm\gtc\matrix_access.inl">
      <Filter>Library\glm\gtc</Filter>
    </None>
    <None Include="lib\glm\gtc\matrix_inverse.inl">
      <Filter>Library\glm\gtc</Filter>
    </None>
    <None Include="lib\glm\gtc\matrix_transform.inl">
      <Filter>Library\glm\gtc</Filter>
    </None>
    <None Include="lib\glm\gtc\noise.inl">
      <Filter>Library\glm\gtc</Filter>
    </None>
    <None Include="lib\glm\gtc\packing.inl">
      <Filter>Library\glm\gtc</Filter>
    </None>
    <None Include="lib\glm\gtc\quaternion.inl">
      <Filter>Library\glm\gtc</Filter>
    </None>
    <None Include="lib\glm\gtc\quaternion_simd.inl">
      <Filter>Library\glm\gtc</Filter>
    </None>
    <None Include="lib\glm\gtc\random.inl">
      <Filter>Library\glm\gtc</Filter>
    </None>
    <None Include="lib\glm\gtc\reciprocal.inl">
      <Filter>Library\glm\gtc</Filter>
    </None>
    <None Include="lib\glm\gtc\round.inl">
      <Filter>Library\glm\gtc</Filter>
    </None>
    <None Include="lib\glm\gtc\type_precision.inl">
      <Filter>Library\glm\gtc</Filter>
    </None>
    <None Include="lib\glm\gtc\type_ptr.inl">
      <Filter>Library\glm\gtc</Filter>
    </None>
    <None Include="lib\glm\gtc\ulp.inl">
      <Filter>Library\glm\gtc</Filter>
    </None>
    <None Include="lib\glm\gtc\vec1.inl">
      <Filter>Library\glm\gtc</Filter>
    </None>
    <None Include="lib\glm\gtx\associated_min_max.inl">
      <Filter>Library\glm\gtx</Filter>
    </None>
    <None Include="lib\glm\gtx\bit.inl">
      <Filter>Library\glm\gtx</Filter>
    </None>
    <None Include="lib\glm\gtx\closest_point.inl">
      <Filter>Library\glm\gtx</Filter>
    </None>
    <None Include="lib\glm\gtx\color_encoding.inl">
      <Filter>Library\glm\gtx</Filter>
    </None>
    <None Include="lib\glm\gtx\color_space.inl">
      <Filter>Library\glm\gtx</Filter>
    </None>
    <None Include="lib\glm\gtx\color_space_YCoCg.inl">
      <Filter>Library\glm\gtx</Filter>
    </None>
    <None Include="lib\glm\gtx\common.inl">
      <Filter>Library\glm\gtx</Filter>
    </None>
    <None Include="lib\glm\gtx\compatibility.inl">
      <Filter>Library\glm\gtx</Filter>
    </None>
    <None Include="lib\glm\gtx\component_wise.inl">
      <Filter>Library\glm\gtx</Filter>
    </None>
    <None Include="lib\glm\gtx\dual_quaternion.inl">
      <Filter>Library\glm\gtx</Filter>
    </None>
    <None Include="lib\glm\gtx\euler_angles.inl">
      <Filter>Library\glm\gtx</Filter>
    </None>
    <None Include="lib\glm\gtx\extend.inl">
      <Filter>Library\glm\gtx</Filter>
    </None>
    <None Include="lib\glm\gtx\extended_min_max.inl">
      <Filter>Library\glm\gtx</Filter>
    </None>
    <None Include="lib\glm\gtx\exterior_product.inl">
      <Filter>Library\glm\gtx</Filter>
    </None>
    <None Include="lib\glm\gtx\fast_exponential.inl">
      <Filter>Library\glm\gtx</Filter>
    </None>
    <None Include="lib\glm\gtx\fast_square_root.inl">
      <Filter>Library\glm\gtx</Filter>
    </None>
    <None Include="lib\glm\gtx\fast_trigonometry.inl">
      <Filter>Library\glm\gtx</Filter>
    </None>
    <None Include="lib\glm\gtx\float_notmalize.inl">
      <Filter>Library\glm\gtx</Filter>
    </None>
    <None Include="lib\glm\gtx\functions.inl">
      <Filter>Library\glm\gtx</Filter>
    </None>
    <None Include="lib\glm\gtx\gradient_paint.inl">
      <Filter>Library\glm\gtx</Filter>
    </None>
    <None Include="lib\glm\gtx\handed_coordinate_space.inl">
      <Filter>Library\glm\gtx</Filter>
    </None>
    <None Include="lib\glm\gtx\hash.inl">
      <Filter>Library\glm\gtx</Filter>
    </None>
    <None Include="lib\glm\gtx\integer.inl">
      <Filter>Library\glm\gtx</Filter>
    </None>
    <None Include="lib\glm\gtx\intersect.inl">
      <Filter>Library\glm\gtx</Filter>
    </None>
    <None Include="lib\glm\gtx\io.inl">
      <Filter>Library\glm\gtx</Filter>
    </None>
    <None Include="lib\glm\gtx\log_base.inl">
      <Filter>Library\glm\gtx</Filter>
    </None>
    <None Include="lib\glm\gtx\matrix_cross_product.inl">
      <Filter>Library\glm\gtx</Filter>
    </None>
    <None Include="lib\glm\gtx\matrix_decompose.inl">
      <Filter>Library\glm\gtx</Filter>
    </None>
    <None Include="lib\glm\gtx\matrix_factorisation.inl">
      <Filter>Library\glm\gtx</Filter>
    </None>
    <None Include="lib\glm\gtx\matrix_interpolation.inl">
      <Filter>Library\glm\gtx</Filter>
    </None>
    <None Include="lib\glm\gtx\matrix_major_storage.inl">
      <Filter>Library\glm\gtx</Filter>
    </None>
    <None Include="lib\glm\gtx\matrix_operation.inl">
      <Filter>Library\glm\gtx</Filter>
    </None>
    <None Include="lib\glm\gtx\matrix_query.inl">
      <Filter>Library\glm\gtx</Filter>
    </None>
    <None Include="lib\glm\gtx\matrix_transform_2d.inl">
      <Filter>Library\glm\gtx</Filter>
    </None>
    <None Include="lib\glm\gtx\mixed_product.inl">
      <Filter>Library\glm\gtx</Filter>
    </None>
    <None Include="lib\glm\gtx\norm.inl">
      <Filter>Library\glm\gtx</Filter>
    </None>
    <None Include="lib\glm\gtx\normal.inl">
      <Filter>Library\glm\gtx</Filter>
    </None>
    <None Include="lib\glm\gtx\normalize_dot.inl">
      <Filter>Library\glm\gtx</Filter>
    </None>
    <None Include="lib\glm\gtx\number_precision.inl">
      <Filter>Library\glm\gtx</Filter>
    </None>
    <None Include="lib\glm\gtx\optimum_pow.inl">
      <Filter>Library\glm\gtx</Filter>
    </None>
    <None Include="lib\glm\gtx\orthonormalize.inl">
      <Filter>Library\glm\gtx</Filter>
    </None>
    <None Include="lib\glm\gtx\perpendicular.inl">
      <Filter>Library\glm\gtx</Filter>
    </None>
    <None Include="lib\glm\gtx\polar_coordinates.inl">
      <Filter>Library\glm\gtx</Filter>
    </None>
    <None Include="lib\glm\gtx\projection.inl">
      <Filter>Library\glm\gtx</Filter>
    </None>
    <None Include="lib\glm\gtx\quaternion.inl">
      <Filter>Library\glm\gtx</Filter>
    </None>
    <None Include="lib\glm\gtx\raw_data.inl">
      <Filter>Library\glm\gtx</Filter>
    </None>
    <None Include="lib\glm\gtx\rotate_normalized_axis.inl">
      <Filter>Library\glm\gtx</Filter>
    </None>
    <None Include="lib\glm\gtx\rotate_vector.inl">
      <Filter>Library\glm\gtx</Filter>
    </None>
    <None Include="lib\glm\gtx\scalar_relational.inl">
      <Filter>Library\glm\gtx</Filter>
    </None>
    <None Include="lib\glm\gtx\spline.inl">
      <Filter>Library\glm\gtx</Filter>
    </None>
    <None Include="lib\glm\gtx\std_based_type.inl">
      <Filter>Library\glm\gtx</Filter>
    </None>
    <None Include="lib\glm\gtx\string_cast.inl">
      <Filter>Library\glm\gtx</Filter>
    </None>
    <None Include="lib\glm\gtx\texture.inl">
      <Filter>Library\glm\gtx</Filter>
    </None>
    <None Include="lib\glm\gtx\transform.inl">
      <Filter>Library\glm\gtx</Filter>
    </None>
    <None Include="lib\glm\gtx\transform2.inl">
      <Filter>Library\glm\gtx</Filter>
    </None>
    <None Include="lib\glm\gtx\type_aligned.inl">
      <Filter>Library\glm\gtx</Filter>
    </None>
    <None Include="lib\glm\gtx\type_trait.inl">
      <Filter>Library\glm\gtx</Filter>
    </None>
    <None Include="lib\glm\gtx\vector_angle.inl">
      <Filter>Library\glm\gtx</Filter>
    </None>
    <None Include="lib\glm\gtx\vector_query.inl">
      <Filter>Library\glm\gtx</Filter>
    </None>
    <None Include="lib\glm\gtx\wrap.inl">
      <Filter>Library\glm\gtx</Filter>
    </None>
  </ItemGroup>
</Project>