<?xml version="1.0" encoding="UTF-8"?>
<Project ToolsVersion="15.0" xmlns="http://schemas.microsoft.com/developer/msbuild/2003">
  <ItemGroup>
    <ClCompile Include="C:\Users\ZhouYuming\Desktop\freeglut-3.0.0\freeglut-3.0.0\progs\demos\shapes\shapes.c">
      <Filter>Source Files</Filter>
    </ClCompile>
    <ClCompile Include="C:\Users\ZhouYuming\Desktop\freeglut-3.0.0\freeglut-3.0.0\progs\demos\shapes\glmatrix.c">
      <Filter>Source Files</Filter>
    </ClCompile>
  </ItemGroup>
  <ItemGroup>
    <ClInclude Include="C:\Users\ZhouYuming\Desktop\freeglut-3.0.0\freeglut-3.0.0\progs\demos\shapes\glmatrix.h">
      <Filter>Header Files</Filter>
    </ClInclude>
  </ItemGroup>
  <ItemGroup>
    <CustomBuild Include="C:\Users\ZhouYuming\Desktop\freeglut-3.0.0\freeglut-3.0.0\CMakeLists.txt" />
  </ItemGroup>
  <ItemGroup>
    <Filter Include="Source Files">
      <UniqueIdentifier>{4EE177BE-8A7B-34C4-B4A9-E7728791E0A9}</UniqueIdentifier>
    </Filter>
    <Filter Include="Header Files">
      <UniqueIdentifier>{389C8340-F32F-3E67-AAE8-DE3CA501F1A8}</UniqueIdentifier>
    </Filter>
  </ItemGroup>
</Project>
